
Microsoft Visual Studio Solution File, Format Version 12.00
# Visual Studio Version 16
VisualStudioVersion = 16.0.31424.327
MinimumVisualStudioVersion = 10.0.40219.1
Project("{FAE04EC0-301F-11D3-BF4B-00C04F79EFBC}") = "JorgeSucuzhañayExamenWeb", "JorgeSucuzhañayExamenWeb\JorgeSucuzhañayExamenWeb.csproj", "{4AB7D4E6-E130-4C5E-9B0C-8E1D28ABBC5B}"
EndProject
Global
	GlobalSection(SolutionConfigurationPlatforms) = preSolution
		Debug|Any CPU = Debug|Any CPU
		Release|Any CPU = Release|Any CPU
	EndGlobalSection
	GlobalSection(ProjectConfigurationPlatforms) = postSolution
		{4AB7D4E6-E130-4C5E-9B0C-8E1D28ABBC5B}.Debug|Any CPU.ActiveCfg = Debug|Any CPU
		{4AB7D4E6-E130-4C5E-9B0C-8E1D28ABBC5B}.Debug|Any CPU.Build.0 = Debug|Any CPU
		{4AB7D4E6-E130-4C5E-9B0C-8E1D28ABBC5B}.Release|Any CPU.ActiveCfg = Release|Any CPU
		{4AB7D4E6-E130-4C5E-9B0C-8E1D28ABBC5B}.Release|Any CPU.Build.0 = Release|Any CPU
	EndGlobalSection
	GlobalSection(SolutionProperties) = preSolution
		HideSolutionNode = FALSE
	EndGlobalSection
	GlobalSection(ExtensibilityGlobals) = postSolution
		SolutionGuid = {3CC98190-2045-4A5B-82F0-AC80CF7FF5CF}
	EndGlobalSection
EndGlobal
